// !$*UTF8*$!
{
	archiveVersion = 1;
	classes = {
	};
	objectVersion = 51;
	objects = {

/* Begin PBXBuildFile section */
		5E07C40626478F14005DA58B /* DateCell.swift in Sources */ = {isa = PBXBuildFile; fileRef = 5E07C40526478F14005DA58B /* DateCell.swift */; };
		5E07C4102647CE0A005DA58B /* TrackingViewController.swift in Sources */ = {isa = PBXBuildFile; fileRef = 5E07C40F2647CE0A005DA58B /* TrackingViewController.swift */; };
		5E1277BB2645A24000DD7E8B /* ChosenDishCell.xib in Resources */ = {isa = PBXBuildFile; fileRef = 5E1277BA2645A24000DD7E8B /* ChosenDishCell.xib */; };
		5E1277BE2645A37F00DD7E8B /* ChosenDishCell.swift in Sources */ = {isa = PBXBuildFile; fileRef = 5E1277BD2645A37F00DD7E8B /* ChosenDishCell.swift */; };
		5E2673C52648E1B1008EC1A6 /* Menu.storyboard in Resources */ = {isa = PBXBuildFile; fileRef = 5E2673C42648E1B1008EC1A6 /* Menu.storyboard */; };
		5E32EE902642AFEB00A78482 /* AppDelegate.swift in Sources */ = {isa = PBXBuildFile; fileRef = 5E32EE8F2642AFEB00A78482 /* AppDelegate.swift */; };
		5E32EE922642AFEB00A78482 /* SceneDelegate.swift in Sources */ = {isa = PBXBuildFile; fileRef = 5E32EE912642AFEB00A78482 /* SceneDelegate.swift */; };
		5E32EE942642AFEB00A78482 /* LobbyViewController.swift in Sources */ = {isa = PBXBuildFile; fileRef = 5E32EE932642AFEB00A78482 /* LobbyViewController.swift */; };
		5E32EE972642AFEB00A78482 /* Main.storyboard in Resources */ = {isa = PBXBuildFile; fileRef = 5E32EE952642AFEB00A78482 /* Main.storyboard */; };
		5E32EE992642AFEE00A78482 /* Assets.xcassets in Resources */ = {isa = PBXBuildFile; fileRef = 5E32EE982642AFEE00A78482 /* Assets.xcassets */; };
		5E32EE9C2642AFEE00A78482 /* LaunchScreen.storyboard in Resources */ = {isa = PBXBuildFile; fileRef = 5E32EE9A2642AFEE00A78482 /* LaunchScreen.storyboard */; };
		5E32EEA82642B48F00A78482 /* Utilities.swift in Sources */ = {isa = PBXBuildFile; fileRef = 5E32EEA72642B48E00A78482 /* Utilities.swift */; };
		5E32EEAE2642B60900A78482 /* LogInViewController.swift in Sources */ = {isa = PBXBuildFile; fileRef = 5E32EEAD2642B60900A78482 /* LogInViewController.swift */; };
		5E32EEB12642BFB900A78482 /* SignUpViewController.swift in Sources */ = {isa = PBXBuildFile; fileRef = 5E32EEB02642BFB900A78482 /* SignUpViewController.swift */; };
		5E5482CD2643899E00306F96 /* Dish.swift in Sources */ = {isa = PBXBuildFile; fileRef = 5E5482CC2643899E00306F96 /* Dish.swift */; };
		5E6DDC3E2643E0F9002F5628 /* CategoryCell.swift in Sources */ = {isa = PBXBuildFile; fileRef = 5E6DDC3D2643E0F9002F5628 /* CategoryCell.swift */; };
		5E77B68F26456329005AC3B1 /* DishDetailViewController.swift in Sources */ = {isa = PBXBuildFile; fileRef = 5E77B68E26456329005AC3B1 /* DishDetailViewController.swift */; };
		5E77B69326458013005AC3B1 /* TableViewController.swift in Sources */ = {isa = PBXBuildFile; fileRef = 5E77B69226458013005AC3B1 /* TableViewController.swift */; };
		5E77B69A2645868A005AC3B1 /* ViewController.swift in Sources */ = {isa = PBXBuildFile; fileRef = 5E77B6992645868A005AC3B1 /* ViewController.swift */; };
		5E77B69F264588E7005AC3B1 /* CartViewController.swift in Sources */ = {isa = PBXBuildFile; fileRef = 5E77B69E264588E7005AC3B1 /* CartViewController.swift */; };
		5E783D6326490A60004A0127 /* TabBar.storyboard in Resources */ = {isa = PBXBuildFile; fileRef = 5E783D6226490A60004A0127 /* TabBar.storyboard */; };
		5E783D6726493138004A0127 /* Cart.storyboard in Resources */ = {isa = PBXBuildFile; fileRef = 5E783D6626493138004A0127 /* Cart.storyboard */; };
		5E78913626444621001A2763 /* DishCell.swift in Sources */ = {isa = PBXBuildFile; fileRef = 5E78913526444621001A2763 /* DishCell.swift */; };
		5E7891392644462C001A2763 /* DishCell.xib in Resources */ = {isa = PBXBuildFile; fileRef = 5E7891382644462C001A2763 /* DishCell.xib */; };
		5EC12F0C264684D600E9DE4D /* hideKeyBoardExtension.swift in Sources */ = {isa = PBXBuildFile; fileRef = 5EC12F0B264684D500E9DE4D /* hideKeyBoardExtension.swift */; };
		5EC12F102646D7D200E9DE4D /* AllViewController.swift in Sources */ = {isa = PBXBuildFile; fileRef = 5EC12F0F2646D7D200E9DE4D /* AllViewController.swift */; };
		5EC12F402646EA6C00E9DE4D /* PreOrderViewController.swift in Sources */ = {isa = PBXBuildFile; fileRef = 5EC12F3F2646EA6C00E9DE4D /* PreOrderViewController.swift */; };
		5EC12F452646EB7B00E9DE4D /* Course.swift in Sources */ = {isa = PBXBuildFile; fileRef = 5EC12F442646EB7B00E9DE4D /* Course.swift */; };
		5EC12F482646EBB800E9DE4D /* Menu.swift in Sources */ = {isa = PBXBuildFile; fileRef = 5EC12F472646EBB800E9DE4D /* Menu.swift */; };
		5EC8E0362642EDF40069C7B9 /* GoogleService-Info.plist in Resources */ = {isa = PBXBuildFile; fileRef = 5EC8E0352642EDF40069C7B9 /* GoogleService-Info.plist */; };
		5ECE2B58264431B6008C319E /* CourseDetailViewController.swift in Sources */ = {isa = PBXBuildFile; fileRef = 5ECE2B57264431B6008C319E /* CourseDetailViewController.swift */; };
		5EF4EB222642C7DC00D59F39 /* MainViewController.swift in Sources */ = {isa = PBXBuildFile; fileRef = 5EF4EB212642C7DC00D59F39 /* MainViewController.swift */; };
		9064E37D3910A2611CE10B8E /* Pods_eShop.framework in Frameworks */ = {isa = PBXBuildFile; fileRef = AACA9A535549C561465CDD17 /* Pods_eShop.framework */; };
/* End PBXBuildFile section */

/* Begin PBXFileReference section */
		5E07C40526478F14005DA58B /* DateCell.swift */ = {isa = PBXFileReference; lastKnownFileType = sourcecode.swift; path = DateCell.swift; sourceTree = "<group>"; };
		5E07C40F2647CE0A005DA58B /* TrackingViewController.swift */ = {isa = PBXFileReference; lastKnownFileType = sourcecode.swift; path = TrackingViewController.swift; sourceTree = "<group>"; };
		5E1277BA2645A24000DD7E8B /* ChosenDishCell.xib */ = {isa = PBXFileReference; lastKnownFileType = file.xib; path = ChosenDishCell.xib; sourceTree = "<group>"; };
		5E1277BD2645A37F00DD7E8B /* ChosenDishCell.swift */ = {isa = PBXFileReference; lastKnownFileType = sourcecode.swift; path = ChosenDishCell.swift; sourceTree = "<group>"; };
		5E2673C42648E1B1008EC1A6 /* Menu.storyboard */ = {isa = PBXFileReference; lastKnownFileType = file.storyboard; path = Menu.storyboard; sourceTree = "<group>"; };
		5E32EE8C2642AFEB00A78482 /* eShop.app */ = {isa = PBXFileReference; explicitFileType = wrapper.application; includeInIndex = 0; path = eShop.app; sourceTree = BUILT_PRODUCTS_DIR; };
		5E32EE8F2642AFEB00A78482 /* AppDelegate.swift */ = {isa = PBXFileReference; lastKnownFileType = sourcecode.swift; path = AppDelegate.swift; sourceTree = "<group>"; };
		5E32EE912642AFEB00A78482 /* SceneDelegate.swift */ = {isa = PBXFileReference; lastKnownFileType = sourcecode.swift; path = SceneDelegate.swift; sourceTree = "<group>"; };
		5E32EE932642AFEB00A78482 /* LobbyViewController.swift */ = {isa = PBXFileReference; lastKnownFileType = sourcecode.swift; path = LobbyViewController.swift; sourceTree = "<group>"; };
		5E32EE962642AFEB00A78482 /* Base */ = {isa = PBXFileReference; lastKnownFileType = file.storyboard; name = Base; path = Base.lproj/Main.storyboard; sourceTree = "<group>"; };
		5E32EE982642AFEE00A78482 /* Assets.xcassets */ = {isa = PBXFileReference; lastKnownFileType = folder.assetcatalog; path = Assets.xcassets; sourceTree = "<group>"; };
		5E32EE9B2642AFEE00A78482 /* Base */ = {isa = PBXFileReference; lastKnownFileType = file.storyboard; name = Base; path = Base.lproj/LaunchScreen.storyboard; sourceTree = "<group>"; };
		5E32EE9D2642AFEE00A78482 /* Info.plist */ = {isa = PBXFileReference; lastKnownFileType = text.plist.xml; path = Info.plist; sourceTree = "<group>"; };
		5E32EEA72642B48E00A78482 /* Utilities.swift */ = {isa = PBXFileReference; fileEncoding = 4; lastKnownFileType = sourcecode.swift; path = Utilities.swift; sourceTree = "<group>"; };
		5E32EEAD2642B60900A78482 /* LogInViewController.swift */ = {isa = PBXFileReference; lastKnownFileType = sourcecode.swift; path = LogInViewController.swift; sourceTree = "<group>"; };
		5E32EEB02642BFB900A78482 /* SignUpViewController.swift */ = {isa = PBXFileReference; lastKnownFileType = sourcecode.swift; path = SignUpViewController.swift; sourceTree = "<group>"; };
		5E5482CC2643899E00306F96 /* Dish.swift */ = {isa = PBXFileReference; lastKnownFileType = sourcecode.swift; path = Dish.swift; sourceTree = "<group>"; };
		5E6DDC3D2643E0F9002F5628 /* CategoryCell.swift */ = {isa = PBXFileReference; lastKnownFileType = sourcecode.swift; path = CategoryCell.swift; sourceTree = "<group>"; };
		5E77B68E26456329005AC3B1 /* DishDetailViewController.swift */ = {isa = PBXFileReference; lastKnownFileType = sourcecode.swift; path = DishDetailViewController.swift; sourceTree = "<group>"; };
		5E77B69226458013005AC3B1 /* TableViewController.swift */ = {isa = PBXFileReference; lastKnownFileType = sourcecode.swift; path = TableViewController.swift; sourceTree = "<group>"; };
		5E77B6992645868A005AC3B1 /* ViewController.swift */ = {isa = PBXFileReference; lastKnownFileType = sourcecode.swift; path = ViewController.swift; sourceTree = "<group>"; };
		5E77B69E264588E7005AC3B1 /* CartViewController.swift */ = {isa = PBXFileReference; lastKnownFileType = sourcecode.swift; path = CartViewController.swift; sourceTree = "<group>"; };
		5E783D6226490A60004A0127 /* TabBar.storyboard */ = {isa = PBXFileReference; lastKnownFileType = file.storyboard; path = TabBar.storyboard; sourceTree = "<group>"; };
		5E783D6626493138004A0127 /* Cart.storyboard */ = {isa = PBXFileReference; lastKnownFileType = file.storyboard; path = Cart.storyboard; sourceTree = "<group>"; };
		5E78913526444621001A2763 /* DishCell.swift */ = {isa = PBXFileReference; lastKnownFileType = sourcecode.swift; path = DishCell.swift; sourceTree = "<group>"; };
		5E7891382644462C001A2763 /* DishCell.xib */ = {isa = PBXFileReference; lastKnownFileType = file.xib; path = DishCell.xib; sourceTree = "<group>"; };
		5EC12F0B264684D500E9DE4D /* hideKeyBoardExtension.swift */ = {isa = PBXFileReference; lastKnownFileType = sourcecode.swift; path = hideKeyBoardExtension.swift; sourceTree = "<group>"; };
		5EC12F0F2646D7D200E9DE4D /* AllViewController.swift */ = {isa = PBXFileReference; lastKnownFileType = sourcecode.swift; path = AllViewController.swift; sourceTree = "<group>"; };
		5EC12F3F2646EA6C00E9DE4D /* PreOrderViewController.swift */ = {isa = PBXFileReference; lastKnownFileType = sourcecode.swift; path = PreOrderViewController.swift; sourceTree = "<group>"; };
		5EC12F442646EB7B00E9DE4D /* Course.swift */ = {isa = PBXFileReference; lastKnownFileType = sourcecode.swift; path = Course.swift; sourceTree = "<group>"; };
		5EC12F472646EBB800E9DE4D /* Menu.swift */ = {isa = PBXFileReference; lastKnownFileType = sourcecode.swift; path = Menu.swift; sourceTree = "<group>"; };
		5EC8E0352642EDF40069C7B9 /* GoogleService-Info.plist */ = {isa = PBXFileReference; fileEncoding = 4; lastKnownFileType = text.plist.xml; path = "GoogleService-Info.plist"; sourceTree = "<group>"; };
		5ECE2B57264431B6008C319E /* CourseDetailViewController.swift */ = {isa = PBXFileReference; lastKnownFileType = sourcecode.swift; path = CourseDetailViewController.swift; sourceTree = "<group>"; };
		5EF4EB212642C7DC00D59F39 /* MainViewController.swift */ = {isa = PBXFileReference; lastKnownFileType = sourcecode.swift; path = MainViewController.swift; sourceTree = "<group>"; };
		A1F561C36A1F2AAA17D0644A /* Pods-eShop.release.xcconfig */ = {isa = PBXFileReference; includeInIndex = 1; lastKnownFileType = text.xcconfig; name = "Pods-eShop.release.xcconfig"; path = "Target Support Files/Pods-eShop/Pods-eShop.release.xcconfig"; sourceTree = "<group>"; };
		AACA9A535549C561465CDD17 /* Pods_eShop.framework */ = {isa = PBXFileReference; explicitFileType = wrapper.framework; includeInIndex = 0; path = Pods_eShop.framework; sourceTree = BUILT_PRODUCTS_DIR; };
		B69D59CD3CE22C5C600CDF07 /* Pods-eShop.debug.xcconfig */ = {isa = PBXFileReference; includeInIndex = 1; lastKnownFileType = text.xcconfig; name = "Pods-eShop.debug.xcconfig"; path = "Target Support Files/Pods-eShop/Pods-eShop.debug.xcconfig"; sourceTree = "<group>"; };
/* End PBXFileReference section */

/* Begin PBXFrameworksBuildPhase section */
		5E32EE892642AFEB00A78482 /* Frameworks */ = {
			isa = PBXFrameworksBuildPhase;
			buildActionMask = 2147483647;
			files = (
				9064E37D3910A2611CE10B8E /* Pods_eShop.framework in Frameworks */,
			);
			runOnlyForDeploymentPostprocessing = 0;
		};
/* End PBXFrameworksBuildPhase section */

/* Begin PBXGroup section */
		5E07C40E2647CDF6005DA58B /* TrackingViewController */ = {
			isa = PBXGroup;
			children = (
				5E07C40F2647CE0A005DA58B /* TrackingViewController.swift */,
			);
			path = TrackingViewController;
			sourceTree = "<group>";
		};
		5E2673C32648E17D008EC1A6 /* Storyboard */ = {
			isa = PBXGroup;
			children = (
				5E32EE952642AFEB00A78482 /* Main.storyboard */,
				5E783D6226490A60004A0127 /* TabBar.storyboard */,
				5E2673C42648E1B1008EC1A6 /* Menu.storyboard */,
				5E783D6626493138004A0127 /* Cart.storyboard */,
			);
			path = Storyboard;
			sourceTree = "<group>";
		};
		5E32EE832642AFEB00A78482 = {
			isa = PBXGroup;
			children = (
				5E32EE8E2642AFEB00A78482 /* eShop */,
				5E32EE8D2642AFEB00A78482 /* Products */,
				A6C24E14331FA09D35A5B402 /* Pods */,
				B632BF7E37D17DE4419B4C6D /* Frameworks */,
			);
			sourceTree = "<group>";
		};
		5E32EE8D2642AFEB00A78482 /* Products */ = {
			isa = PBXGroup;
			children = (
				5E32EE8C2642AFEB00A78482 /* eShop.app */,
			);
			name = Products;
			sourceTree = "<group>";
		};
		5E32EE8E2642AFEB00A78482 /* eShop */ = {
			isa = PBXGroup;
			children = (
				5E32EE8F2642AFEB00A78482 /* AppDelegate.swift */,
				5E32EE912642AFEB00A78482 /* SceneDelegate.swift */,
				5E32EEAB2642B4A600A78482 /* Support */,
				5E5482CB2643896300306F96 /* Variables */,
				5E32EEA52642B1C000A78482 /* ViewController */,
				5E2673C32648E17D008EC1A6 /* Storyboard */,
				5E32EE982642AFEE00A78482 /* Assets.xcassets */,
				5E32EE9A2642AFEE00A78482 /* LaunchScreen.storyboard */,
				5E32EE9D2642AFEE00A78482 /* Info.plist */,
				5EC8E0352642EDF40069C7B9 /* GoogleService-Info.plist */,
			);
			path = eShop;
			sourceTree = "<group>";
		};
		5E32EEA52642B1C000A78482 /* ViewController */ = {
			isa = PBXGroup;
			children = (
				5EF4EB202642C6C100D59F39 /* Authentication */,
				5EC12F0E2646D70400E9DE4D /* AllViewController */,
			);
			path = ViewController;
			sourceTree = "<group>";
		};
		5E32EEAB2642B4A600A78482 /* Support */ = {
			isa = PBXGroup;
			children = (
				5E32EEA72642B48E00A78482 /* Utilities.swift */,
				5E77B69226458013005AC3B1 /* TableViewController.swift */,
				5E77B6992645868A005AC3B1 /* ViewController.swift */,
				5EC12F0B264684D500E9DE4D /* hideKeyBoardExtension.swift */,
			);
			path = Support;
			sourceTree = "<group>";
		};
		5E5482CB2643896300306F96 /* Variables */ = {
			isa = PBXGroup;
			children = (
				5EC12F472646EBB800E9DE4D /* Menu.swift */,
				5EC12F442646EB7B00E9DE4D /* Course.swift */,
				5E5482CC2643899E00306F96 /* Dish.swift */,
			);
			path = Variables;
			sourceTree = "<group>";
		};
		5E5482D02643929500306F96 /* MenuViewController */ = {
			isa = PBXGroup;
			children = (
				5EC12F3E2646EA3A00E9DE4D /* PreOrderViewController */,
				5ECE2B53264430DB008C319E /* MainViewController */,
			);
			path = MenuViewController;
			sourceTree = "<group>";
		};
		5E77B68D26456306005AC3B1 /* DishDetailViewController */ = {
			isa = PBXGroup;
			children = (
				5E77B68E26456329005AC3B1 /* DishDetailViewController.swift */,
			);
			path = DishDetailViewController;
			sourceTree = "<group>";
		};
		5E77B69D264588D2005AC3B1 /* CartViewController */ = {
			isa = PBXGroup;
			children = (
				5E77B69E264588E7005AC3B1 /* CartViewController.swift */,
				5E1277BA2645A24000DD7E8B /* ChosenDishCell.xib */,
				5E1277BD2645A37F00DD7E8B /* ChosenDishCell.swift */,
				5E07C40E2647CDF6005DA58B /* TrackingViewController */,
			);
			path = CartViewController;
			sourceTree = "<group>";
		};
		5EC12F0E2646D70400E9DE4D /* AllViewController */ = {
			isa = PBXGroup;
			children = (
				5EC12F0F2646D7D200E9DE4D /* AllViewController.swift */,
				5E77B69D264588D2005AC3B1 /* CartViewController */,
				5E5482D02643929500306F96 /* MenuViewController */,
			);
			path = AllViewController;
			sourceTree = "<group>";
		};
		5EC12F3E2646EA3A00E9DE4D /* PreOrderViewController */ = {
			isa = PBXGroup;
			children = (
				5EC12F3F2646EA6C00E9DE4D /* PreOrderViewController.swift */,
				5E07C40526478F14005DA58B /* DateCell.swift */,
			);
			path = PreOrderViewController;
			sourceTree = "<group>";
		};
		5ECE2B53264430DB008C319E /* MainViewController */ = {
			isa = PBXGroup;
			children = (
				5EF4EB212642C7DC00D59F39 /* MainViewController.swift */,
				5E6DDC3D2643E0F9002F5628 /* CategoryCell.swift */,
				5ECE2B5626443122008C319E /* CourseViewController */,
			);
			path = MainViewController;
			sourceTree = "<group>";
		};
		5ECE2B5626443122008C319E /* CourseViewController */ = {
			isa = PBXGroup;
			children = (
				5ECE2B57264431B6008C319E /* CourseDetailViewController.swift */,
				5E78913526444621001A2763 /* DishCell.swift */,
				5E7891382644462C001A2763 /* DishCell.xib */,
				5E77B68D26456306005AC3B1 /* DishDetailViewController */,
			);
			path = CourseViewController;
			sourceTree = "<group>";
		};
		5EF4EB202642C6C100D59F39 /* Authentication */ = {
			isa = PBXGroup;
			children = (
				5E32EE932642AFEB00A78482 /* LobbyViewController.swift */,
				5E32EEAD2642B60900A78482 /* LogInViewController.swift */,
				5E32EEB02642BFB900A78482 /* SignUpViewController.swift */,
			);
			path = Authentication;
			sourceTree = "<group>";
		};
		A6C24E14331FA09D35A5B402 /* Pods */ = {
			isa = PBXGroup;
			children = (
				B69D59CD3CE22C5C600CDF07 /* Pods-eShop.debug.xcconfig */,
				A1F561C36A1F2AAA17D0644A /* Pods-eShop.release.xcconfig */,
			);
			path = Pods;
			sourceTree = "<group>";
		};
		B632BF7E37D17DE4419B4C6D /* Frameworks */ = {
			isa = PBXGroup;
			children = (
				AACA9A535549C561465CDD17 /* Pods_eShop.framework */,
			);
			name = Frameworks;
			sourceTree = "<group>";
		};
/* End PBXGroup section */

/* Begin PBXNativeTarget section */
		5E32EE8B2642AFEB00A78482 /* eShop */ = {
			isa = PBXNativeTarget;
			buildConfigurationList = 5E32EEA02642AFEE00A78482 /* Build configuration list for PBXNativeTarget "eShop" */;
			buildPhases = (
				39AE2421254AB8F55E8FFC33 /* [CP] Check Pods Manifest.lock */,
				5E32EE882642AFEB00A78482 /* Sources */,
				5E32EE892642AFEB00A78482 /* Frameworks */,
				5E32EE8A2642AFEB00A78482 /* Resources */,
				1AEBD7613C1B908303578F92 /* [CP] Embed Pods Frameworks */,
			);
			buildRules = (
			);
			dependencies = (
			);
			name = eShop;
			productName = eShop;
			productReference = 5E32EE8C2642AFEB00A78482 /* eShop.app */;
			productType = "com.apple.product-type.application";
		};
/* End PBXNativeTarget section */

/* Begin PBXProject section */
		5E32EE842642AFEB00A78482 /* Project object */ = {
			isa = PBXProject;
			attributes = {
				LastSwiftUpdateCheck = 1240;
				LastUpgradeCheck = 1240;
				TargetAttributes = {
					5E32EE8B2642AFEB00A78482 = {
						CreatedOnToolsVersion = 12.4;
					};
				};
			};
			buildConfigurationList = 5E32EE872642AFEB00A78482 /* Build configuration list for PBXProject "eShop" */;
			compatibilityVersion = "Xcode 9.3";
			developmentRegion = en;
			hasScannedForEncodings = 0;
			knownRegions = (
				en,
				Base,
			);
			mainGroup = 5E32EE832642AFEB00A78482;
			productRefGroup = 5E32EE8D2642AFEB00A78482 /* Products */;
			projectDirPath = "";
			projectRoot = "";
			targets = (
				5E32EE8B2642AFEB00A78482 /* eShop */,
			);
		};
/* End PBXProject section */

/* Begin PBXResourcesBuildPhase section */
		5E32EE8A2642AFEB00A78482 /* Resources */ = {
			isa = PBXResourcesBuildPhase;
			buildActionMask = 2147483647;
			files = (
				5E2673C52648E1B1008EC1A6 /* Menu.storyboard in Resources */,
				5E783D6726493138004A0127 /* Cart.storyboard in Resources */,
				5E32EE9C2642AFEE00A78482 /* LaunchScreen.storyboard in Resources */,
				5EC8E0362642EDF40069C7B9 /* GoogleService-Info.plist in Resources */,
				5E7891392644462C001A2763 /* DishCell.xib in Resources */,
				5E783D6326490A60004A0127 /* TabBar.storyboard in Resources */,
				5E32EE992642AFEE00A78482 /* Assets.xcassets in Resources */,
				5E32EE972642AFEB00A78482 /* Main.storyboard in Resources */,
				5E1277BB2645A24000DD7E8B /* ChosenDishCell.xib in Resources */,
			);
			runOnlyForDeploymentPostprocessing = 0;
		};
/* End PBXResourcesBuildPhase section */

/* Begin PBXShellScriptBuildPhase section */
		1AEBD7613C1B908303578F92 /* [CP] Embed Pods Frameworks */ = {
			isa = PBXShellScriptBuildPhase;
			buildActionMask = 2147483647;
			files = (
			);
			inputFileListPaths = (
				"${PODS_ROOT}/Target Support Files/Pods-eShop/Pods-eShop-frameworks-${CONFIGURATION}-input-files.xcfilelist",
			);
			name = "[CP] Embed Pods Frameworks";
			outputFileListPaths = (
				"${PODS_ROOT}/Target Support Files/Pods-eShop/Pods-eShop-frameworks-${CONFIGURATION}-output-files.xcfilelist",
			);
			runOnlyForDeploymentPostprocessing = 0;
			shellPath = /bin/sh;
			shellScript = "\"${PODS_ROOT}/Target Support Files/Pods-eShop/Pods-eShop-frameworks.sh\"\n";
			showEnvVarsInLog = 0;
		};
		39AE2421254AB8F55E8FFC33 /* [CP] Check Pods Manifest.lock */ = {
			isa = PBXShellScriptBuildPhase;
			buildActionMask = 2147483647;
			files = (
			);
			inputFileListPaths = (
			);
			inputPaths = (
				"${PODS_PODFILE_DIR_PATH}/Podfile.lock",
				"${PODS_ROOT}/Manifest.lock",
			);
			name = "[CP] Check Pods Manifest.lock";
			outputFileListPaths = (
			);
			outputPaths = (
				"$(DERIVED_FILE_DIR)/Pods-eShop-checkManifestLockResult.txt",
			);
			runOnlyForDeploymentPostprocessing = 0;
			shellPath = /bin/sh;
			shellScript = "diff \"${PODS_PODFILE_DIR_PATH}/Podfile.lock\" \"${PODS_ROOT}/Manifest.lock\" > /dev/null\nif [ $? != 0 ] ; then\n    # print error to STDERR\n    echo \"error: The sandbox is not in sync with the Podfile.lock. Run 'pod install' or update your CocoaPods installation.\" >&2\n    exit 1\nfi\n# This output is used by Xcode 'outputs' to avoid re-running this script phase.\necho \"SUCCESS\" > \"${SCRIPT_OUTPUT_FILE_0}\"\n";
			showEnvVarsInLog = 0;
		};
/* End PBXShellScriptBuildPhase section */

/* Begin PBXSourcesBuildPhase section */
		5E32EE882642AFEB00A78482 /* Sources */ = {
			isa = PBXSourcesBuildPhase;
			buildActionMask = 2147483647;
			files = (
				5E77B69A2645868A005AC3B1 /* ViewController.swift in Sources */,
				5E32EEB12642BFB900A78482 /* SignUpViewController.swift in Sources */,
				5EC12F0C264684D600E9DE4D /* hideKeyBoardExtension.swift in Sources */,
				5E78913626444621001A2763 /* DishCell.swift in Sources */,
				5EC12F402646EA6C00E9DE4D /* PreOrderViewController.swift in Sources */,
				5E32EE942642AFEB00A78482 /* LobbyViewController.swift in Sources */,
				5E77B68F26456329005AC3B1 /* DishDetailViewController.swift in Sources */,
				5E32EE902642AFEB00A78482 /* AppDelegate.swift in Sources */,
				5E07C40626478F14005DA58B /* DateCell.swift in Sources */,
				5E1277BE2645A37F00DD7E8B /* ChosenDishCell.swift in Sources */,
				5EC12F102646D7D200E9DE4D /* AllViewController.swift in Sources */,
				5E32EEA82642B48F00A78482 /* Utilities.swift in Sources */,
				5E32EEAE2642B60900A78482 /* LogInViewController.swift in Sources */,
				5E6DDC3E2643E0F9002F5628 /* CategoryCell.swift in Sources */,
				5E77B69326458013005AC3B1 /* TableViewController.swift in Sources */,
				5ECE2B58264431B6008C319E /* CourseDetailViewController.swift in Sources */,
				5EC12F452646EB7B00E9DE4D /* Course.swift in Sources */,
				5EC12F482646EBB800E9DE4D /* Menu.swift in Sources */,
				5E07C4102647CE0A005DA58B /* TrackingViewController.swift in Sources */,
				5E5482CD2643899E00306F96 /* Dish.swift in Sources */,
				5E77B69F264588E7005AC3B1 /* CartViewController.swift in Sources */,
				5E32EE922642AFEB00A78482 /* SceneDelegate.swift in Sources */,
				5EF4EB222642C7DC00D59F39 /* MainViewController.swift in Sources */,
			);
			runOnlyForDeploymentPostprocessing = 0;
		};
/* End PBXSourcesBuildPhase section */

/* Begin PBXVariantGroup section */
		5E32EE952642AFEB00A78482 /* Main.storyboard */ = {
			isa = PBXVariantGroup;
			children = (
				5E32EE962642AFEB00A78482 /* Base */,
			);
			name = Main.storyboard;
			sourceTree = "<group>";
		};
		5E32EE9A2642AFEE00A78482 /* LaunchScreen.storyboard */ = {
			isa = PBXVariantGroup;
			children = (
				5E32EE9B2642AFEE00A78482 /* Base */,
			);
			name = LaunchScreen.storyboard;
			sourceTree = "<group>";
		};
/* End PBXVariantGroup section */

/* Begin XCBuildConfiguration section */
		5E32EE9E2642AFEE00A78482 /* Debug */ = {
			isa = XCBuildConfiguration;
			buildSettings = {
				ALWAYS_SEARCH_USER_PATHS = NO;
				CLANG_ANALYZER_NONNULL = YES;
				CLANG_ANALYZER_NUMBER_OBJECT_CONVERSION = YES_AGGRESSIVE;
				CLANG_CXX_LANGUAGE_STANDARD = "gnu++14";
				CLANG_CXX_LIBRARY = "libc++";
				CLANG_ENABLE_MODULES = YES;
				CLANG_ENABLE_OBJC_ARC = YES;
				CLANG_ENABLE_OBJC_WEAK = YES;
				CLANG_WARN_BLOCK_CAPTURE_AUTORELEASING = YES;
				CLANG_WARN_BOOL_CONVERSION = YES;
				CLANG_WARN_COMMA = YES;
				CLANG_WARN_CONSTANT_CONVERSION = YES;
				CLANG_WARN_DEPRECATED_OBJC_IMPLEMENTATIONS = YES;
				CLANG_WARN_DIRECT_OBJC_ISA_USAGE = YES_ERROR;
				CLANG_WARN_DOCUMENTATION_COMMENTS = YES;
				CLANG_WARN_EMPTY_BODY = YES;
				CLANG_WARN_ENUM_CONVERSION = YES;
				CLANG_WARN_INFINITE_RECURSION = YES;
				CLANG_WARN_INT_CONVERSION = YES;
				CLANG_WARN_NON_LITERAL_NULL_CONVERSION = YES;
				CLANG_WARN_OBJC_IMPLICIT_RETAIN_SELF = YES;
				CLANG_WARN_OBJC_LITERAL_CONVERSION = YES;
				CLANG_WARN_OBJC_ROOT_CLASS = YES_ERROR;
				CLANG_WARN_QUOTED_INCLUDE_IN_FRAMEWORK_HEADER = YES;
				CLANG_WARN_RANGE_LOOP_ANALYSIS = YES;
				CLANG_WARN_STRICT_PROTOTYPES = YES;
				CLANG_WARN_SUSPICIOUS_MOVE = YES;
				CLANG_WARN_UNGUARDED_AVAILABILITY = YES_AGGRESSIVE;
				CLANG_WARN_UNREACHABLE_CODE = YES;
				CLANG_WARN__DUPLICATE_METHOD_MATCH = YES;
				COPY_PHASE_STRIP = NO;
				DEBUG_INFORMATION_FORMAT = dwarf;
				ENABLE_STRICT_OBJC_MSGSEND = YES;
				ENABLE_TESTABILITY = YES;
				GCC_C_LANGUAGE_STANDARD = gnu11;
				GCC_DYNAMIC_NO_PIC = NO;
				GCC_NO_COMMON_BLOCKS = YES;
				GCC_OPTIMIZATION_LEVEL = 0;
				GCC_PREPROCESSOR_DEFINITIONS = (
					"DEBUG=1",
					"$(inherited)",
				);
				GCC_WARN_64_TO_32_BIT_CONVERSION = YES;
				GCC_WARN_ABOUT_RETURN_TYPE = YES_ERROR;
				GCC_WARN_UNDECLARED_SELECTOR = YES;
				GCC_WARN_UNINITIALIZED_AUTOS = YES_AGGRESSIVE;
				GCC_WARN_UNUSED_FUNCTION = YES;
				GCC_WARN_UNUSED_VARIABLE = YES;
				IPHONEOS_DEPLOYMENT_TARGET = 14.4;
				MTL_ENABLE_DEBUG_INFO = INCLUDE_SOURCE;
				MTL_FAST_MATH = YES;
				ONLY_ACTIVE_ARCH = YES;
				SDKROOT = iphoneos;
				SWIFT_ACTIVE_COMPILATION_CONDITIONS = DEBUG;
				SWIFT_OPTIMIZATION_LEVEL = "-Onone";
			};
			name = Debug;
		};
		5E32EE9F2642AFEE00A78482 /* Release */ = {
			isa = XCBuildConfiguration;
			buildSettings = {
				ALWAYS_SEARCH_USER_PATHS = NO;
				CLANG_ANALYZER_NONNULL = YES;
				CLANG_ANALYZER_NUMBER_OBJECT_CONVERSION = YES_AGGRESSIVE;
				CLANG_CXX_LANGUAGE_STANDARD = "gnu++14";
				CLANG_CXX_LIBRARY = "libc++";
				CLANG_ENABLE_MODULES = YES;
				CLANG_ENABLE_OBJC_ARC = YES;
				CLANG_ENABLE_OBJC_WEAK = YES;
				CLANG_WARN_BLOCK_CAPTURE_AUTORELEASING = YES;
				CLANG_WARN_BOOL_CONVERSION = YES;
				CLANG_WARN_COMMA = YES;
				CLANG_WARN_CONSTANT_CONVERSION = YES;
				CLANG_WARN_DEPRECATED_OBJC_IMPLEMENTATIONS = YES;
				CLANG_WARN_DIRECT_OBJC_ISA_USAGE = YES_ERROR;
				CLANG_WARN_DOCUMENTATION_COMMENTS = YES;
				CLANG_WARN_EMPTY_BODY = YES;
				CLANG_WARN_ENUM_CONVERSION = YES;
				CLANG_WARN_INFINITE_RECURSION = YES;
				CLANG_WARN_INT_CONVERSION = YES;
				CLANG_WARN_NON_LITERAL_NULL_CONVERSION = YES;
				CLANG_WARN_OBJC_IMPLICIT_RETAIN_SELF = YES;
				CLANG_WARN_OBJC_LITERAL_CONVERSION = YES;
				CLANG_WARN_OBJC_ROOT_CLASS = YES_ERROR;
				CLANG_WARN_QUOTED_INCLUDE_IN_FRAMEWORK_HEADER = YES;
				CLANG_WARN_RANGE_LOOP_ANALYSIS = YES;
				CLANG_WARN_STRICT_PROTOTYPES = YES;
				CLANG_WARN_SUSPICIOUS_MOVE = YES;
				CLANG_WARN_UNGUARDED_AVAILABILITY = YES_AGGRESSIVE;
				CLANG_WARN_UNREACHABLE_CODE = YES;
				CLANG_WARN__DUPLICATE_METHOD_MATCH = YES;
				COPY_PHASE_STRIP = NO;
				DEBUG_INFORMATION_FORMAT = "dwarf-with-dsym";
				ENABLE_NS_ASSERTIONS = NO;
				ENABLE_STRICT_OBJC_MSGSEND = YES;
				GCC_C_LANGUAGE_STANDARD = gnu11;
				GCC_NO_COMMON_BLOCKS = YES;
				GCC_WARN_64_TO_32_BIT_CONVERSION = YES;
				GCC_WARN_ABOUT_RETURN_TYPE = YES_ERROR;
				GCC_WARN_UNDECLARED_SELECTOR = YES;
				GCC_WARN_UNINITIALIZED_AUTOS = YES_AGGRESSIVE;
				GCC_WARN_UNUSED_FUNCTION = YES;
				GCC_WARN_UNUSED_VARIABLE = YES;
				IPHONEOS_DEPLOYMENT_TARGET = 14.4;
				MTL_ENABLE_DEBUG_INFO = NO;
				MTL_FAST_MATH = YES;
				SDKROOT = iphoneos;
				SWIFT_COMPILATION_MODE = wholemodule;
				SWIFT_OPTIMIZATION_LEVEL = "-O";
				VALIDATE_PRODUCT = YES;
			};
			name = Release;
		};
		5E32EEA12642AFEE00A78482 /* Debug */ = {
			isa = XCBuildConfiguration;
			baseConfigurationReference = B69D59CD3CE22C5C600CDF07 /* Pods-eShop.debug.xcconfig */;
			buildSettings = {
				ASSETCATALOG_COMPILER_APPICON_NAME = AppIcon;
				ASSETCATALOG_COMPILER_GLOBAL_ACCENT_COLOR_NAME = AccentColor;
				CODE_SIGN_STYLE = Automatic;
				INFOPLIST_FILE = eShop/Info.plist;
				LD_RUNPATH_SEARCH_PATHS = (
					"$(inherited)",
					"@executable_path/Frameworks",
				);
				PRODUCT_BUNDLE_IDENTIFIER = "Dong-Truong.eShop";
				PRODUCT_NAME = "$(TARGET_NAME)";
				SWIFT_VERSION = 5.0;
				TARGETED_DEVICE_FAMILY = 1;
			};
			name = Debug;
		};
		5E32EEA22642AFEE00A78482 /* Release */ = {
			isa = XCBuildConfiguration;
			baseConfigurationReference = A1F561C36A1F2AAA17D0644A /* Pods-eShop.release.xcconfig */;
			buildSettings = {
				ASSETCATALOG_COMPILER_APPICON_NAME = AppIcon;
				ASSETCATALOG_COMPILER_GLOBAL_ACCENT_COLOR_NAME = AccentColor;
				CODE_SIGN_STYLE = Automatic;
				INFOPLIST_FILE = eShop/Info.plist;
				LD_RUNPATH_SEARCH_PATHS = (
					"$(inherited)",
					"@executable_path/Frameworks",
				);
				PRODUCT_BUNDLE_IDENTIFIER = "Dong-Truong.eShop";
				PRODUCT_NAME = "$(TARGET_NAME)";
				SWIFT_VERSION = 5.0;
				TARGETED_DEVICE_FAMILY = 1;
			};
			name = Release;
		};
/* End XCBuildConfiguration section */

/* Begin XCConfigurationList section */
		5E32EE872642AFEB00A78482 /* Build configuration list for PBXProject "eShop" */ = {
			isa = XCConfigurationList;
			buildConfigurations = (
				5E32EE9E2642AFEE00A78482 /* Debug */,
				5E32EE9F2642AFEE00A78482 /* Release */,
			);
			defaultConfigurationIsVisible = 0;
			defaultConfigurationName = Release;
		};
		5E32EEA02642AFEE00A78482 /* Build configuration list for PBXNativeTarget "eShop" */ = {
			isa = XCConfigurationList;
			buildConfigurations = (
				5E32EEA12642AFEE00A78482 /* Debug */,
				5E32EEA22642AFEE00A78482 /* Release */,
			);
			defaultConfigurationIsVisible = 0;
			defaultConfigurationName = Release;
		};
/* End XCConfigurationList section */
	};
	rootObject = 5E32EE842642AFEB00A78482 /* Project object */;
}
